
Microsoft Visual Studio Solution File, Format Version 9.00
# Visual Basic Express 2005
Project("{F184B08F-C81C-45F6-A57F-5ABD9991F28F}") = "AutoVideoConverter", "AutoVideoConverter.vbproj", "{AC7A4124-AE69-42EA-A463-372801FEC13E}"
EndProject
Global
	GlobalSection(SolutionConfigurationPlatforms) = preSolution
		Debug|Any CPU = Debug|Any CPU
		Release|Any CPU = Release|Any CPU
	EndGlobalSection
	GlobalSection(ProjectConfigurationPlatforms) = postSolution
		{AC7A4124-AE69-42EA-A463-372801FEC13E}.Debug|Any CPU.ActiveCfg = Debug|Any CPU
		{AC7A4124-AE69-42EA-A463-372801FEC13E}.Debug|Any CPU.Build.0 = Debug|Any CPU
		{AC7A4124-AE69-42EA-A463-372801FEC13E}.Release|Any CPU.ActiveCfg = Release|Any CPU
		{AC7A4124-AE69-42EA-A463-372801FEC13E}.Release|Any CPU.Build.0 = Release|Any CPU
	EndGlobalSection
	GlobalSection(SolutionProperties) = preSolution
		HideSolutionNode = FALSE
	EndGlobalSection
EndGlobal
